github.com/google/gousb v1.1.1 h1:2sjwXlc0PIBgDnXtNxUrHcD/RRFOmAtRq4QgnFBE6xc=
github.com/google/gousb v1.1.1/go.mod h1:b3uU8itc6dHElt063KJobuVtcKHWEfFOysOqBNzHhLY=
github.com/radovskyb/watcher v1.0.7 h1:AYePLih6dpmS32vlHfhCeli8127LzkIgwJGcwwe8tUE=
github.com/radovskyb/watcher v1.0.7/go.mod h1:78okwvY5wPdzcb1UYnip1pvrZNIVEIh/Cm+ZuvsUYIg=
github.com/rdnt/uinput v1.4.2-0.20210405191839-bf12bb5c1cf2 h1:dD5DbQ1xHAUQjkmsIJXuRyTxGGd8eP+YH6vgPuQzc24=
github.com/rdnt/uinput v1.4.2-0.20210405191839-bf12bb5c1cf2/go.mod h1:CXtdehRreULpi9/Yd8iNJFRg/rn7lfuTPCoh/i3Td2k=
